
Microsoft Visual Studio Solution File, Format Version 12.00
# Visual Studio Version 17
VisualStudioVersion = 17.11.35222.181
MinimumVisualStudioVersion = 10.0.40219.1
Project("{FAE04EC0-301F-11D3-BF4B-00C04F79EFBC}") = "PracticeApp1", "PracticeApp1\PracticeApp1.csproj", "{10449FFE-B129-483A-A712-1DB4A3D82A3E}"
EndProject
Project("{FAE04EC0-301F-11D3-BF4B-00C04F79EFBC}") = "Practice1.Services", "Practice1.Services\Practice1.Services.csproj", "{9B0E1B2B-6A7B-43A3-9A69-A33FAF0BAF2C}"
EndProject
Project("{FAE04EC0-301F-11D3-BF4B-00C04F79EFBC}") = "Practice1.Services.EntityFramework", "Practice1.Services.EntityFramework\Practice1.Services.EntityFramework.csproj", "{03FED65B-533A-4D2E-AEE0-730C44AB7A51}"
EndProject
Global
	GlobalSection(SolutionConfigurationPlatforms) = preSolution
		Debug|Any CPU = Debug|Any CPU
		Release|Any CPU = Release|Any CPU
	EndGlobalSection
	GlobalSection(ProjectConfigurationPlatforms) = postSolution
		{10449FFE-B129-483A-A712-1DB4A3D82A3E}.Debug|Any CPU.ActiveCfg = Debug|Any CPU
		{10449FFE-B129-483A-A712-1DB4A3D82A3E}.Debug|Any CPU.Build.0 = Debug|Any CPU
		{10449FFE-B129-483A-A712-1DB4A3D82A3E}.Release|Any CPU.ActiveCfg = Release|Any CPU
		{10449FFE-B129-483A-A712-1DB4A3D82A3E}.Release|Any CPU.Build.0 = Release|Any CPU
		{9B0E1B2B-6A7B-43A3-9A69-A33FAF0BAF2C}.Debug|Any CPU.ActiveCfg = Debug|Any CPU
		{9B0E1B2B-6A7B-43A3-9A69-A33FAF0BAF2C}.Debug|Any CPU.Build.0 = Debug|Any CPU
		{9B0E1B2B-6A7B-43A3-9A69-A33FAF0BAF2C}.Release|Any CPU.ActiveCfg = Release|Any CPU
		{9B0E1B2B-6A7B-43A3-9A69-A33FAF0BAF2C}.Release|Any CPU.Build.0 = Release|Any CPU
		{03FED65B-533A-4D2E-AEE0-730C44AB7A51}.Debug|Any CPU.ActiveCfg = Debug|Any CPU
		{03FED65B-533A-4D2E-AEE0-730C44AB7A51}.Debug|Any CPU.Build.0 = Debug|Any CPU
		{03FED65B-533A-4D2E-AEE0-730C44AB7A51}.Release|Any CPU.ActiveCfg = Release|Any CPU
		{03FED65B-533A-4D2E-AEE0-730C44AB7A51}.Release|Any CPU.Build.0 = Release|Any CPU
	EndGlobalSection
	GlobalSection(SolutionProperties) = preSolution
		HideSolutionNode = FALSE
	EndGlobalSection
	GlobalSection(ExtensibilityGlobals) = postSolution
		SolutionGuid = {0916E4CC-0E85-4429-916A-9D7AA4BFA7B0}
	EndGlobalSection
EndGlobal
